
Microsoft Visual Studio Solution File, Format Version 12.00
# Visual Studio 15
VisualStudioVersion = 15.0.28010.2016
MinimumVisualStudioVersion = 10.0.40219.1
Project("{8BC9CEB8-8B4A-11D0-8D11-00A0C91BC942}") = "Complex", "Complex\Complex.vcxproj", "{4469EFCA-E0A6-40F1-9E57-483B12DCB770}"
EndProject
Project("{8BC9CEB8-8B4A-11D0-8D11-00A0C91BC942}") = "rational", "rational\rational.vcxproj", "{DE41E14F-0FFD-48C1-897C-1BA6B3A9DCE0}"
EndProject
Global
	GlobalSection(SolutionConfigurationPlatforms) = preSolution
		Debug|x64 = Debug|x64
		Debug|x86 = Debug|x86
		Release|x64 = Release|x64
		Release|x86 = Release|x86
	EndGlobalSection
	GlobalSection(ProjectConfigurationPlatforms) = postSolution
		{4469EFCA-E0A6-40F1-9E57-483B12DCB770}.Debug|x64.ActiveCfg = Debug|x64
		{4469EFCA-E0A6-40F1-9E57-483B12DCB770}.Debug|x64.Build.0 = Debug|x64
		{4469EFCA-E0A6-40F1-9E57-483B12DCB770}.Debug|x86.ActiveCfg = Debug|Win32
		{4469EFCA-E0A6-40F1-9E57-483B12DCB770}.Debug|x86.Build.0 = Debug|Win32
		{4469EFCA-E0A6-40F1-9E57-483B12DCB770}.Release|x64.ActiveCfg = Release|x64
		{4469EFCA-E0A6-40F1-9E57-483B12DCB770}.Release|x64.Build.0 = Release|x64
		{4469EFCA-E0A6-40F1-9E57-483B12DCB770}.Release|x86.ActiveCfg = Release|Win32
		{4469EFCA-E0A6-40F1-9E57-483B12DCB770}.Release|x86.Build.0 = Release|Win32
		{DE41E14F-0FFD-48C1-897C-1BA6B3A9DCE0}.Debug|x64.ActiveCfg = Debug|x64
		{DE41E14F-0FFD-48C1-897C-1BA6B3A9DCE0}.Debug|x64.Build.0 = Debug|x64
		{DE41E14F-0FFD-48C1-897C-1BA6B3A9DCE0}.Debug|x86.ActiveCfg = Debug|Win32
		{DE41E14F-0FFD-48C1-897C-1BA6B3A9DCE0}.Debug|x86.Build.0 = Debug|Win32
		{DE41E14F-0FFD-48C1-897C-1BA6B3A9DCE0}.Release|x64.ActiveCfg = Release|x64
		{DE41E14F-0FFD-48C1-897C-1BA6B3A9DCE0}.Release|x64.Build.0 = Release|x64
		{DE41E14F-0FFD-48C1-897C-1BA6B3A9DCE0}.Release|x86.ActiveCfg = Release|Win32
		{DE41E14F-0FFD-48C1-897C-1BA6B3A9DCE0}.Release|x86.Build.0 = Release|Win32
	EndGlobalSection
	GlobalSection(SolutionProperties) = preSolution
		HideSolutionNode = FALSE
	EndGlobalSection
	GlobalSection(ExtensibilityGlobals) = postSolution
		SolutionGuid = {99934E30-8CF0-412F-BDE3-49B9EC584AD7}
	EndGlobalSection
EndGlobal
